// !$*UTF8*$!
{
	archiveVersion = 1;
	classes = {
	};
	objectVersion = 55;
	objects = {

/* Begin PBXBuildFile section */
		1C68D8ED2939C2C500866BBF /* LoginView.swift in Sources */ = {isa = PBXBuildFile; fileRef = 1C68D8EC2939C2C500866BBF /* LoginView.swift */; };
		2D012B44293D431D00B7B84D /* DietryOptions.swift in Sources */ = {isa = PBXBuildFile; fileRef = 2D012B42293D431B00B7B84D /* DietryOptions.swift */; };
		2D012B45293D431D00B7B84D /* FilterHelper.swift in Sources */ = {isa = PBXBuildFile; fileRef = 2D012B43293D431D00B7B84D /* FilterHelper.swift */; };
		2D012B4C293D437100B7B84D /* DeliveringMapView.swift in Sources */ = {isa = PBXBuildFile; fileRef = 2D012B47293D437000B7B84D /* DeliveringMapView.swift */; };
		2D012B4D293D437100B7B84D /* PickUpOrderMap.swift in Sources */ = {isa = PBXBuildFile; fileRef = 2D012B48293D437000B7B84D /* PickUpOrderMap.swift */; };
		2D012B4E293D437100B7B84D /* PickUpOrderView.swift in Sources */ = {isa = PBXBuildFile; fileRef = 2D012B49293D437100B7B84D /* PickUpOrderView.swift */; };
		2D012B4F293D437100B7B84D /* FilterView.swift in Sources */ = {isa = PBXBuildFile; fileRef = 2D012B4A293D437100B7B84D /* FilterView.swift */; };
		2D012B51293D44F700B7B84D /* LocationHelper.swift in Sources */ = {isa = PBXBuildFile; fileRef = 2D012B50293D44F700B7B84D /* LocationHelper.swift */; };
		2D012B53293D464300B7B84D /* Resturant.swift in Sources */ = {isa = PBXBuildFile; fileRef = 2D012B52293D464300B7B84D /* Resturant.swift */; };
		2D012B55293D5ED800B7B84D /* DeliveryView.swift in Sources */ = {isa = PBXBuildFile; fileRef = 2D012B54293D5ED800B7B84D /* DeliveryView.swift */; };
		2D012B57293D5F5F00B7B84D /* ResturantView.swift in Sources */ = {isa = PBXBuildFile; fileRef = 2D012B56293D5F5F00B7B84D /* ResturantView.swift */; };
		2D012B59293D5F9200B7B84D /* PickUpView.swift in Sources */ = {isa = PBXBuildFile; fileRef = 2D012B58293D5F9200B7B84D /* PickUpView.swift */; };
		2D0402A528F50E0E00F2835F /* FoodAppApp.swift in Sources */ = {isa = PBXBuildFile; fileRef = 2D0402A428F50E0E00F2835F /* FoodAppApp.swift */; };
		2D0402A728F50E0E00F2835F /* ContentView.swift in Sources */ = {isa = PBXBuildFile; fileRef = 2D0402A628F50E0E00F2835F /* ContentView.swift */; };
		2D0402A928F50E1100F2835F /* Assets.xcassets in Resources */ = {isa = PBXBuildFile; fileRef = 2D0402A828F50E1100F2835F /* Assets.xcassets */; };
		2D0402AC28F50E1100F2835F /* Preview Assets.xcassets in Resources */ = {isa = PBXBuildFile; fileRef = 2D0402AB28F50E1100F2835F /* Preview Assets.xcassets */; };
		2D0402AE28F50E1100F2835F /* Persistence.swift in Sources */ = {isa = PBXBuildFile; fileRef = 2D0402AD28F50E1100F2835F /* Persistence.swift */; };
		2D0402B128F50E1100F2835F /* FoodApp.xcdatamodeld in Sources */ = {isa = PBXBuildFile; fileRef = 2D0402AF28F50E1100F2835F /* FoodApp.xcdatamodeld */; };
		2D0402BB28F5149600F2835F /* HomeView.swift in Sources */ = {isa = PBXBuildFile; fileRef = 2D0402BA28F5149600F2835F /* HomeView.swift */; };
		2D0402BE28F514BA00F2835F /* AccountView.swift in Sources */ = {isa = PBXBuildFile; fileRef = 2D0402BD28F514BA00F2835F /* AccountView.swift */; };
		2D0402C028F514DA00F2835F /* BasketView.swift in Sources */ = {isa = PBXBuildFile; fileRef = 2D0402BF28F514DA00F2835F /* BasketView.swift */; };
		2D0402C428F5150200F2835F /* OrdersView.swift in Sources */ = {isa = PBXBuildFile; fileRef = 2D0402C328F5150200F2835F /* OrdersView.swift */; };
		2D0402C828F518BA00F2835F /* GoogleService-Info.plist in Resources */ = {isa = PBXBuildFile; fileRef = 2D0402C728F518BA00F2835F /* GoogleService-Info.plist */; };
		2D2089C92906F07A007FEF72 /* SearchBar.swift in Sources */ = {isa = PBXBuildFile; fileRef = 2D2089C82906F07A007FEF72 /* SearchBar.swift */; };
		2D2089D1290747DD007FEF72 /* CardSlider.swift in Sources */ = {isa = PBXBuildFile; fileRef = 2D2089D0290747DD007FEF72 /* CardSlider.swift */; };
		2D3CA0D7292AC90E0059B33D /* ResturantHelper.swift in Sources */ = {isa = PBXBuildFile; fileRef = 2D3CA0D6292AC90E0059B33D /* ResturantHelper.swift */; };
		2D44107C29158DBA00AA19D0 /* CustomMapView.swift in Sources */ = {isa = PBXBuildFile; fileRef = 2D44107B29158DBA00AA19D0 /* CustomMapView.swift */; };
		2D44107E2915D09400AA19D0 /* ResturantPin.swift in Sources */ = {isa = PBXBuildFile; fileRef = 2D44107D2915D09400AA19D0 /* ResturantPin.swift */; };
		2DC0F4CC2908495900DD2A52 /* SlideOverView.swift in Sources */ = {isa = PBXBuildFile; fileRef = 2DC0F4CB2908495900DD2A52 /* SlideOverView.swift */; };
		2DC636972909F84700D5756C /* LocationDetailsView.swift in Sources */ = {isa = PBXBuildFile; fileRef = 2DC636962909F84600D5756C /* LocationDetailsView.swift */; };
		2DE39B8828F5DE3600F60A4B /* CartOrderView.swift in Sources */ = {isa = PBXBuildFile; fileRef = 2DE39B8728F5DE3600F60A4B /* CartOrderView.swift */; };
		2DF0374428FD03790042D80A /* OrderMethod.swift in Sources */ = {isa = PBXBuildFile; fileRef = 2DF0374328FD03790042D80A /* OrderMethod.swift */; };
		5C2E44482933D2FA008306C7 /* Order.swift in Sources */ = {isa = PBXBuildFile; fileRef = 5C2E44472933D2FA008306C7 /* Order.swift */; };
		5C2E444A2933D328008306C7 /* User.swift in Sources */ = {isa = PBXBuildFile; fileRef = 5C2E44492933D328008306C7 /* User.swift */; };
		5C2E45DE293D325C008306C7 /* FireDBHelper.swift in Sources */ = {isa = PBXBuildFile; fileRef = 5C2E45DD293D325C008306C7 /* FireDBHelper.swift */; };
		5C2E45E0293E7404008306C7 /* OrderDetailsView.swift in Sources */ = {isa = PBXBuildFile; fileRef = 5C2E45DF293E7404008306C7 /* OrderDetailsView.swift */; };
		8B39466CDD414D4685B1CBB3 /* Pods_FoodApp.framework in Frameworks */ = {isa = PBXBuildFile; fileRef = C64BC214EB1E97BD21E07EE8 /* Pods_FoodApp.framework */; };
/* End PBXBuildFile section */

/* Begin PBXFileReference section */
		064594F233B522F00E067EA3 /* Pods-FoodApp.debug.xcconfig */ = {isa = PBXFileReference; includeInIndex = 1; lastKnownFileType = text.xcconfig; name = "Pods-FoodApp.debug.xcconfig"; path = "Target Support Files/Pods-FoodApp/Pods-FoodApp.debug.xcconfig"; sourceTree = "<group>"; };
		1C68D8EC2939C2C500866BBF /* LoginView.swift */ = {isa = PBXFileReference; lastKnownFileType = sourcecode.swift; path = LoginView.swift; sourceTree = "<group>"; };
		2D012B42293D431B00B7B84D /* DietryOptions.swift */ = {isa = PBXFileReference; fileEncoding = 4; lastKnownFileType = sourcecode.swift; path = DietryOptions.swift; sourceTree = "<group>"; };
		2D012B43293D431D00B7B84D /* FilterHelper.swift */ = {isa = PBXFileReference; fileEncoding = 4; lastKnownFileType = sourcecode.swift; path = FilterHelper.swift; sourceTree = "<group>"; };
		2D012B46293D436F00B7B84D /* DeliveringOrderView.swift */ = {isa = PBXFileReference; fileEncoding = 4; lastKnownFileType = sourcecode.swift; path = DeliveringOrderView.swift; sourceTree = "<group>"; };
		2D012B47293D437000B7B84D /* DeliveringMapView.swift */ = {isa = PBXFileReference; fileEncoding = 4; lastKnownFileType = sourcecode.swift; path = DeliveringMapView.swift; sourceTree = "<group>"; };
		2D012B48293D437000B7B84D /* PickUpOrderMap.swift */ = {isa = PBXFileReference; fileEncoding = 4; lastKnownFileType = sourcecode.swift; path = PickUpOrderMap.swift; sourceTree = "<group>"; };
		2D012B49293D437100B7B84D /* PickUpOrderView.swift */ = {isa = PBXFileReference; fileEncoding = 4; lastKnownFileType = sourcecode.swift; path = PickUpOrderView.swift; sourceTree = "<group>"; };
		2D012B4A293D437100B7B84D /* FilterView.swift */ = {isa = PBXFileReference; fileEncoding = 4; lastKnownFileType = sourcecode.swift; path = FilterView.swift; sourceTree = "<group>"; };
		2D012B50293D44F700B7B84D /* LocationHelper.swift */ = {isa = PBXFileReference; fileEncoding = 4; lastKnownFileType = sourcecode.swift; path = LocationHelper.swift; sourceTree = "<group>"; };
		2D012B52293D464300B7B84D /* Resturant.swift */ = {isa = PBXFileReference; fileEncoding = 4; lastKnownFileType = sourcecode.swift; path = Resturant.swift; sourceTree = "<group>"; };
		2D012B54293D5ED800B7B84D /* DeliveryView.swift */ = {isa = PBXFileReference; fileEncoding = 4; lastKnownFileType = sourcecode.swift; path = DeliveryView.swift; sourceTree = "<group>"; };
		2D012B56293D5F5F00B7B84D /* ResturantView.swift */ = {isa = PBXFileReference; fileEncoding = 4; lastKnownFileType = sourcecode.swift; path = ResturantView.swift; sourceTree = "<group>"; };
		2D012B58293D5F9200B7B84D /* PickUpView.swift */ = {isa = PBXFileReference; fileEncoding = 4; lastKnownFileType = sourcecode.swift; path = PickUpView.swift; sourceTree = "<group>"; };
		2D0402A128F50E0E00F2835F /* FoodApp.app */ = {isa = PBXFileReference; explicitFileType = wrapper.application; includeInIndex = 0; path = FoodApp.app; sourceTree = BUILT_PRODUCTS_DIR; };
		2D0402A428F50E0E00F2835F /* FoodAppApp.swift */ = {isa = PBXFileReference; lastKnownFileType = sourcecode.swift; path = FoodAppApp.swift; sourceTree = "<group>"; };
		2D0402A628F50E0E00F2835F /* ContentView.swift */ = {isa = PBXFileReference; lastKnownFileType = sourcecode.swift; path = ContentView.swift; sourceTree = "<group>"; };
		2D0402A828F50E1100F2835F /* Assets.xcassets */ = {isa = PBXFileReference; lastKnownFileType = folder.assetcatalog; path = Assets.xcassets; sourceTree = "<group>"; };
		2D0402AB28F50E1100F2835F /* Preview Assets.xcassets */ = {isa = PBXFileReference; lastKnownFileType = folder.assetcatalog; path = "Preview Assets.xcassets"; sourceTree = "<group>"; };
		2D0402AD28F50E1100F2835F /* Persistence.swift */ = {isa = PBXFileReference; lastKnownFileType = sourcecode.swift; path = Persistence.swift; sourceTree = "<group>"; };
		2D0402B028F50E1100F2835F /* FoodApp.xcdatamodel */ = {isa = PBXFileReference; lastKnownFileType = wrapper.xcdatamodel; path = FoodApp.xcdatamodel; sourceTree = "<group>"; };
		2D0402BA28F5149600F2835F /* HomeView.swift */ = {isa = PBXFileReference; lastKnownFileType = sourcecode.swift; path = HomeView.swift; sourceTree = "<group>"; };
		2D0402BD28F514BA00F2835F /* AccountView.swift */ = {isa = PBXFileReference; lastKnownFileType = sourcecode.swift; path = AccountView.swift; sourceTree = "<group>"; };
		2D0402BF28F514DA00F2835F /* BasketView.swift */ = {isa = PBXFileReference; lastKnownFileType = sourcecode.swift; path = BasketView.swift; sourceTree = "<group>"; };
		2D0402C328F5150200F2835F /* OrdersView.swift */ = {isa = PBXFileReference; lastKnownFileType = sourcecode.swift; path = OrdersView.swift; sourceTree = "<group>"; };
		2D0402C728F518BA00F2835F /* GoogleService-Info.plist */ = {isa = PBXFileReference; fileEncoding = 4; lastKnownFileType = text.plist.xml; path = "GoogleService-Info.plist"; sourceTree = "<group>"; };
		2D2089C82906F07A007FEF72 /* SearchBar.swift */ = {isa = PBXFileReference; lastKnownFileType = sourcecode.swift; path = SearchBar.swift; sourceTree = "<group>"; };
		2D2089D0290747DD007FEF72 /* CardSlider.swift */ = {isa = PBXFileReference; lastKnownFileType = sourcecode.swift; path = CardSlider.swift; sourceTree = "<group>"; };
		2D3CA0D6292AC90E0059B33D /* ResturantHelper.swift */ = {isa = PBXFileReference; lastKnownFileType = sourcecode.swift; path = ResturantHelper.swift; sourceTree = "<group>"; };
		2D44107B29158DBA00AA19D0 /* CustomMapView.swift */ = {isa = PBXFileReference; lastKnownFileType = sourcecode.swift; path = CustomMapView.swift; sourceTree = "<group>"; };
		2D44107D2915D09400AA19D0 /* ResturantPin.swift */ = {isa = PBXFileReference; lastKnownFileType = sourcecode.swift; path = ResturantPin.swift; sourceTree = "<group>"; };
		2DC0F4CB2908495900DD2A52 /* SlideOverView.swift */ = {isa = PBXFileReference; lastKnownFileType = sourcecode.swift; path = SlideOverView.swift; sourceTree = "<group>"; };
		2DC636962909F84600D5756C /* LocationDetailsView.swift */ = {isa = PBXFileReference; lastKnownFileType = sourcecode.swift; path = LocationDetailsView.swift; sourceTree = "<group>"; };
		2DE39B8728F5DE3600F60A4B /* CartOrderView.swift */ = {isa = PBXFileReference; lastKnownFileType = sourcecode.swift; path = CartOrderView.swift; sourceTree = "<group>"; };
		2DF0374328FD03790042D80A /* OrderMethod.swift */ = {isa = PBXFileReference; lastKnownFileType = sourcecode.swift; path = OrderMethod.swift; sourceTree = "<group>"; };
		5C082CA12922C06F0041931E /* User.swift */ = {isa = PBXFileReference; lastKnownFileType = sourcecode.swift; path = User.swift; sourceTree = "<group>"; };
		5C082CA32922C5BD0041931E /* Order.swift */ = {isa = PBXFileReference; lastKnownFileType = sourcecode.swift; path = Order.swift; sourceTree = "<group>"; };
		5C2E44472933D2FA008306C7 /* Order.swift */ = {isa = PBXFileReference; lastKnownFileType = sourcecode.swift; path = Order.swift; sourceTree = "<group>"; };
		5C2E44492933D328008306C7 /* User.swift */ = {isa = PBXFileReference; lastKnownFileType = sourcecode.swift; path = User.swift; sourceTree = "<group>"; };
		5C2E45DD293D325C008306C7 /* FireDBHelper.swift */ = {isa = PBXFileReference; lastKnownFileType = sourcecode.swift; path = FireDBHelper.swift; sourceTree = "<group>"; };
		5C2E45DF293E7404008306C7 /* OrderDetailsView.swift */ = {isa = PBXFileReference; lastKnownFileType = sourcecode.swift; path = OrderDetailsView.swift; sourceTree = "<group>"; };
		B8A334D7EB50598E77A99AC0 /* Pods-FoodApp.release.xcconfig */ = {isa = PBXFileReference; includeInIndex = 1; lastKnownFileType = text.xcconfig; name = "Pods-FoodApp.release.xcconfig"; path = "Target Support Files/Pods-FoodApp/Pods-FoodApp.release.xcconfig"; sourceTree = "<group>"; };
		C64BC214EB1E97BD21E07EE8 /* Pods_FoodApp.framework */ = {isa = PBXFileReference; explicitFileType = wrapper.framework; includeInIndex = 0; path = Pods_FoodApp.framework; sourceTree = BUILT_PRODUCTS_DIR; };
/* End PBXFileReference section */

/* Begin PBXFrameworksBuildPhase section */
		2D04029E28F50E0E00F2835F /* Frameworks */ = {
			isa = PBXFrameworksBuildPhase;
			buildActionMask = 2147483647;
			files = (
				8B39466CDD414D4685B1CBB3 /* Pods_FoodApp.framework in Frameworks */,
			);
			runOnlyForDeploymentPostprocessing = 0;
		};
/* End PBXFrameworksBuildPhase section */

/* Begin PBXGroup section */
		2D04029828F50E0E00F2835F = {
			isa = PBXGroup;
			children = (
				2D0402A328F50E0E00F2835F /* FoodApp */,
				2D0402A228F50E0E00F2835F /* Products */,
				5DD17F744C93AC41F6D0C457 /* Pods */,
				741E5FEAFFADCE4201DBC9CF /* Frameworks */,
				5C2E44462933D23A008306C7 /* Recovered References */,
			);
			sourceTree = "<group>";
		};
		2D0402A228F50E0E00F2835F /* Products */ = {
			isa = PBXGroup;
			children = (
				2D0402A128F50E0E00F2835F /* FoodApp.app */,
			);
			name = Products;
			sourceTree = "<group>";
		};
		2D0402A328F50E0E00F2835F /* FoodApp */ = {
			isa = PBXGroup;
			children = (
				2D0402C728F518BA00F2835F /* GoogleService-Info.plist */,
				2D0402B728F5144200F2835F /* Models */,
				2D0402B928F5146300F2835F /* Views */,
				2D0402A428F50E0E00F2835F /* FoodAppApp.swift */,
				2D0402A828F50E1100F2835F /* Assets.xcassets */,
				2D0402AD28F50E1100F2835F /* Persistence.swift */,
				2D0402AF28F50E1100F2835F /* FoodApp.xcdatamodeld */,
				2D0402AA28F50E1100F2835F /* Preview Content */,
			);
			path = FoodApp;
			sourceTree = "<group>";
		};
		2D0402AA28F50E1100F2835F /* Preview Content */ = {
			isa = PBXGroup;
			children = (
				2D0402AB28F50E1100F2835F /* Preview Assets.xcassets */,
			);
			path = "Preview Content";
			sourceTree = "<group>";
		};
		2D0402B728F5144200F2835F /* Models */ = {
			isa = PBXGroup;
			children = (
				2D012B52293D464300B7B84D /* Resturant.swift */,
				2D012B50293D44F700B7B84D /* LocationHelper.swift */,
				2D012B42293D431B00B7B84D /* DietryOptions.swift */,
				2D012B43293D431D00B7B84D /* FilterHelper.swift */,
				2DF0374328FD03790042D80A /* OrderMethod.swift */,
				2D44107D2915D09400AA19D0 /* ResturantPin.swift */,
				2D3CA0D6292AC90E0059B33D /* ResturantHelper.swift */,
				5C2E44472933D2FA008306C7 /* Order.swift */,
				5C2E44492933D328008306C7 /* User.swift */,
				5C2E45DD293D325C008306C7 /* FireDBHelper.swift */,
			);
			path = Models;
			sourceTree = "<group>";
		};
		2D0402B928F5146300F2835F /* Views */ = {
			isa = PBXGroup;
			children = (
				2D012B58293D5F9200B7B84D /* PickUpView.swift */,
				2D012B56293D5F5F00B7B84D /* ResturantView.swift */,
				2D012B54293D5ED800B7B84D /* DeliveryView.swift */,
				2D012B47293D437000B7B84D /* DeliveringMapView.swift */,
				2D012B46293D436F00B7B84D /* DeliveringOrderView.swift */,
				2D012B4A293D437100B7B84D /* FilterView.swift */,
				2D012B48293D437000B7B84D /* PickUpOrderMap.swift */,
				2D012B49293D437100B7B84D /* PickUpOrderView.swift */,
				2D0402A628F50E0E00F2835F /* ContentView.swift */,
				2D0402BA28F5149600F2835F /* HomeView.swift */,
				2D0402BD28F514BA00F2835F /* AccountView.swift */,
				2D0402BF28F514DA00F2835F /* BasketView.swift */,
				2D0402C328F5150200F2835F /* OrdersView.swift */,
				2DE39B8728F5DE3600F60A4B /* CartOrderView.swift */,
				2D2089C82906F07A007FEF72 /* SearchBar.swift */,
				2D2089D0290747DD007FEF72 /* CardSlider.swift */,
				2DC0F4CB2908495900DD2A52 /* SlideOverView.swift */,
				2DC636962909F84600D5756C /* LocationDetailsView.swift */,
				2D44107B29158DBA00AA19D0 /* CustomMapView.swift */,
				1C68D8EC2939C2C500866BBF /* LoginView.swift */,
				5C2E45DF293E7404008306C7 /* OrderDetailsView.swift */,
			);
			path = Views;
			sourceTree = "<group>";
		};
		5C2E44462933D23A008306C7 /* Recovered References */ = {
			isa = PBXGroup;
			children = (
				5C082CA32922C5BD0041931E /* Order.swift */,
				5C082CA12922C06F0041931E /* User.swift */,
			);
			name = "Recovered References";
			sourceTree = "<group>";
		};
		5DD17F744C93AC41F6D0C457 /* Pods */ = {
			isa = PBXGroup;
			children = (
				064594F233B522F00E067EA3 /* Pods-FoodApp.debug.xcconfig */,
				B8A334D7EB50598E77A99AC0 /* Pods-FoodApp.release.xcconfig */,
			);
			path = Pods;
			sourceTree = "<group>";
		};
		741E5FEAFFADCE4201DBC9CF /* Frameworks */ = {
			isa = PBXGroup;
			children = (
				C64BC214EB1E97BD21E07EE8 /* Pods_FoodApp.framework */,
			);
			name = Frameworks;
			sourceTree = "<group>";
		};
/* End PBXGroup section */

/* Begin PBXNativeTarget section */
		2D0402A028F50E0E00F2835F /* FoodApp */ = {
			isa = PBXNativeTarget;
			buildConfigurationList = 2D0402B428F50E1100F2835F /* Build configuration list for PBXNativeTarget "FoodApp" */;
			buildPhases = (
				AB823CDB061FCD355A2C5EFB /* [CP] Check Pods Manifest.lock */,
				2D04029D28F50E0E00F2835F /* Sources */,
				2D04029E28F50E0E00F2835F /* Frameworks */,
				2D04029F28F50E0E00F2835F /* Resources */,
				891F04077C5BE32E1221C6A2 /* [CP] Embed Pods Frameworks */,
			);
			buildRules = (
			);
			dependencies = (
			);
			name = FoodApp;
			productName = FoodApp;
			productReference = 2D0402A128F50E0E00F2835F /* FoodApp.app */;
			productType = "com.apple.product-type.application";
		};
/* End PBXNativeTarget section */

/* Begin PBXProject section */
		2D04029928F50E0E00F2835F /* Project object */ = {
			isa = PBXProject;
			attributes = {
				BuildIndependentTargetsInParallel = 1;
				LastSwiftUpdateCheck = 1330;
				LastUpgradeCheck = 1330;
				TargetAttributes = {
					2D0402A028F50E0E00F2835F = {
						CreatedOnToolsVersion = 13.3;
					};
				};
			};
			buildConfigurationList = 2D04029C28F50E0E00F2835F /* Build configuration list for PBXProject "FoodApp" */;
			compatibilityVersion = "Xcode 13.0";
			developmentRegion = en;
			hasScannedForEncodings = 0;
			knownRegions = (
				en,
				Base,
			);
			mainGroup = 2D04029828F50E0E00F2835F;
			productRefGroup = 2D0402A228F50E0E00F2835F /* Products */;
			projectDirPath = "";
			projectRoot = "";
			targets = (
				2D0402A028F50E0E00F2835F /* FoodApp */,
			);
		};
/* End PBXProject section */

/* Begin PBXResourcesBuildPhase section */
		2D04029F28F50E0E00F2835F /* Resources */ = {
			isa = PBXResourcesBuildPhase;
			buildActionMask = 2147483647;
			files = (
				2D0402AC28F50E1100F2835F /* Preview Assets.xcassets in Resources */,
				2D0402A928F50E1100F2835F /* Assets.xcassets in Resources */,
				2D0402C828F518BA00F2835F /* GoogleService-Info.plist in Resources */,
			);
			runOnlyForDeploymentPostprocessing = 0;
		};
/* End PBXResourcesBuildPhase section */

/* Begin PBXShellScriptBuildPhase section */
		891F04077C5BE32E1221C6A2 /* [CP] Embed Pods Frameworks */ = {
			isa = PBXShellScriptBuildPhase;
			buildActionMask = 2147483647;
			files = (
			);
			inputFileListPaths = (
				"${PODS_ROOT}/Target Support Files/Pods-FoodApp/Pods-FoodApp-frameworks-${CONFIGURATION}-input-files.xcfilelist",
			);
			name = "[CP] Embed Pods Frameworks";
			outputFileListPaths = (
				"${PODS_ROOT}/Target Support Files/Pods-FoodApp/Pods-FoodApp-frameworks-${CONFIGURATION}-output-files.xcfilelist",
			);
			runOnlyForDeploymentPostprocessing = 0;
			shellPath = /bin/sh;
			shellScript = "\"${PODS_ROOT}/Target Support Files/Pods-FoodApp/Pods-FoodApp-frameworks.sh\"\n";
			showEnvVarsInLog = 0;
		};
		AB823CDB061FCD355A2C5EFB /* [CP] Check Pods Manifest.lock */ = {
			isa = PBXShellScriptBuildPhase;
			buildActionMask = 2147483647;
			files = (
			);
			inputFileListPaths = (
			);
			inputPaths = (
				"${PODS_PODFILE_DIR_PATH}/Podfile.lock",
				"${PODS_ROOT}/Manifest.lock",
			);
			name = "[CP] Check Pods Manifest.lock";
			outputFileListPaths = (
			);
			outputPaths = (
				"$(DERIVED_FILE_DIR)/Pods-FoodApp-checkManifestLockResult.txt",
			);
			runOnlyForDeploymentPostprocessing = 0;
			shellPath = /bin/sh;
			shellScript = "diff \"${PODS_PODFILE_DIR_PATH}/Podfile.lock\" \"${PODS_ROOT}/Manifest.lock\" > /dev/null\nif [ $? != 0 ] ; then\n    # print error to STDERR\n    echo \"error: The sandbox is not in sync with the Podfile.lock. Run 'pod install' or update your CocoaPods installation.\" >&2\n    exit 1\nfi\n# This output is used by Xcode 'outputs' to avoid re-running this script phase.\necho \"SUCCESS\" > \"${SCRIPT_OUTPUT_FILE_0}\"\n";
			showEnvVarsInLog = 0;
		};
/* End PBXShellScriptBuildPhase section */

/* Begin PBXSourcesBuildPhase section */
		2D04029D28F50E0E00F2835F /* Sources */ = {
			isa = PBXSourcesBuildPhase;
			buildActionMask = 2147483647;
			files = (
				2D2089C92906F07A007FEF72 /* SearchBar.swift in Sources */,
				2D012B59293D5F9200B7B84D /* PickUpView.swift in Sources */,
				2D012B4D293D437100B7B84D /* PickUpOrderMap.swift in Sources */,
				5C2E444A2933D328008306C7 /* User.swift in Sources */,
				2D0402BE28F514BA00F2835F /* AccountView.swift in Sources */,
				2DC636972909F84700D5756C /* LocationDetailsView.swift in Sources */,
				5C2E45DE293D325C008306C7 /* FireDBHelper.swift in Sources */,
				2D0402AE28F50E1100F2835F /* Persistence.swift in Sources */,
				2D0402B128F50E1100F2835F /* FoodApp.xcdatamodeld in Sources */,
				2D012B57293D5F5F00B7B84D /* ResturantView.swift in Sources */,
				1C68D8ED2939C2C500866BBF /* LoginView.swift in Sources */,
				2D012B51293D44F700B7B84D /* LocationHelper.swift in Sources */,
				5C2E44482933D2FA008306C7 /* Order.swift in Sources */,
				5C2E45E0293E7404008306C7 /* OrderDetailsView.swift in Sources */,
				2D0402A728F50E0E00F2835F /* ContentView.swift in Sources */,
				2D2089D1290747DD007FEF72 /* CardSlider.swift in Sources */,
				2DE39B8828F5DE3600F60A4B /* CartOrderView.swift in Sources */,
				2D012B4C293D437100B7B84D /* DeliveringMapView.swift in Sources */,
				2D012B4E293D437100B7B84D /* PickUpOrderView.swift in Sources */,
				2D012B44293D431D00B7B84D /* DietryOptions.swift in Sources */,
				2D012B53293D464300B7B84D /* Resturant.swift in Sources */,
				2D0402BB28F5149600F2835F /* HomeView.swift in Sources */,
				2D012B4F293D437100B7B84D /* FilterView.swift in Sources */,
				2DF0374428FD03790042D80A /* OrderMethod.swift in Sources */,
				2D012B45293D431D00B7B84D /* FilterHelper.swift in Sources */,
				2D3CA0D7292AC90E0059B33D /* ResturantHelper.swift in Sources */,
				2D44107C29158DBA00AA19D0 /* CustomMapView.swift in Sources */,
				2D0402C028F514DA00F2835F /* BasketView.swift in Sources */,
				2D012B55293D5ED800B7B84D /* DeliveryView.swift in Sources */,
				2DC0F4CC2908495900DD2A52 /* SlideOverView.swift in Sources */,
				2D44107E2915D09400AA19D0 /* ResturantPin.swift in Sources */,
				2D0402A528F50E0E00F2835F /* FoodAppApp.swift in Sources */,
				2D0402C428F5150200F2835F /* OrdersView.swift in Sources */,
			);
			runOnlyForDeploymentPostprocessing = 0;
		};
/* End PBXSourcesBuildPhase section */

/* Begin XCBuildConfiguration section */
		2D0402B228F50E1100F2835F /* Debug */ = {
			isa = XCBuildConfiguration;
			buildSettings = {
				ALWAYS_SEARCH_USER_PATHS = NO;
				CLANG_ANALYZER_NONNULL = YES;
				CLANG_ANALYZER_NUMBER_OBJECT_CONVERSION = YES_AGGRESSIVE;
				CLANG_CXX_LANGUAGE_STANDARD = "gnu++17";
				CLANG_ENABLE_MODULES = YES;
				CLANG_ENABLE_OBJC_ARC = YES;
				CLANG_ENABLE_OBJC_WEAK = YES;
				CLANG_WARN_BLOCK_CAPTURE_AUTORELEASING = YES;
				CLANG_WARN_BOOL_CONVERSION = YES;
				CLANG_WARN_COMMA = YES;
				CLANG_WARN_CONSTANT_CONVERSION = YES;
				CLANG_WARN_DEPRECATED_OBJC_IMPLEMENTATIONS = YES;
				CLANG_WARN_DIRECT_OBJC_ISA_USAGE = YES_ERROR;
				CLANG_WARN_DOCUMENTATION_COMMENTS = YES;
				CLANG_WARN_EMPTY_BODY = YES;
				CLANG_WARN_ENUM_CONVERSION = YES;
				CLANG_WARN_INFINITE_RECURSION = YES;
				CLANG_WARN_INT_CONVERSION = YES;
				CLANG_WARN_NON_LITERAL_NULL_CONVERSION = YES;
				CLANG_WARN_OBJC_IMPLICIT_RETAIN_SELF = YES;
				CLANG_WARN_OBJC_LITERAL_CONVERSION = YES;
				CLANG_WARN_OBJC_ROOT_CLASS = YES_ERROR;
				CLANG_WARN_QUOTED_INCLUDE_IN_FRAMEWORK_HEADER = YES;
				CLANG_WARN_RANGE_LOOP_ANALYSIS = YES;
				CLANG_WARN_STRICT_PROTOTYPES = YES;
				CLANG_WARN_SUSPICIOUS_MOVE = YES;
				CLANG_WARN_UNGUARDED_AVAILABILITY = YES_AGGRESSIVE;
				CLANG_WARN_UNREACHABLE_CODE = YES;
				CLANG_WARN__DUPLICATE_METHOD_MATCH = YES;
				COPY_PHASE_STRIP = NO;
				DEBUG_INFORMATION_FORMAT = dwarf;
				ENABLE_STRICT_OBJC_MSGSEND = YES;
				ENABLE_TESTABILITY = YES;
				GCC_C_LANGUAGE_STANDARD = gnu11;
				GCC_DYNAMIC_NO_PIC = NO;
				GCC_NO_COMMON_BLOCKS = YES;
				GCC_OPTIMIZATION_LEVEL = 0;
				GCC_PREPROCESSOR_DEFINITIONS = (
					"DEBUG=1",
					"$(inherited)",
				);
				GCC_WARN_64_TO_32_BIT_CONVERSION = YES;
				GCC_WARN_ABOUT_RETURN_TYPE = YES_ERROR;
				GCC_WARN_UNDECLARED_SELECTOR = YES;
				GCC_WARN_UNINITIALIZED_AUTOS = YES_AGGRESSIVE;
				GCC_WARN_UNUSED_FUNCTION = YES;
				GCC_WARN_UNUSED_VARIABLE = YES;
				IPHONEOS_DEPLOYMENT_TARGET = 15.0;
				MTL_ENABLE_DEBUG_INFO = INCLUDE_SOURCE;
				MTL_FAST_MATH = YES;
				ONLY_ACTIVE_ARCH = YES;
				SDKROOT = iphoneos;
				SWIFT_ACTIVE_COMPILATION_CONDITIONS = DEBUG;
				SWIFT_OPTIMIZATION_LEVEL = "-Onone";
			};
			name = Debug;
		};
		2D0402B328F50E1100F2835F /* Release */ = {
			isa = XCBuildConfiguration;
			buildSettings = {
				ALWAYS_SEARCH_USER_PATHS = NO;
				CLANG_ANALYZER_NONNULL = YES;
				CLANG_ANALYZER_NUMBER_OBJECT_CONVERSION = YES_AGGRESSIVE;
				CLANG_CXX_LANGUAGE_STANDARD = "gnu++17";
				CLANG_ENABLE_MODULES = YES;
				CLANG_ENABLE_OBJC_ARC = YES;
				CLANG_ENABLE_OBJC_WEAK = YES;
				CLANG_WARN_BLOCK_CAPTURE_AUTORELEASING = YES;
				CLANG_WARN_BOOL_CONVERSION = YES;
				CLANG_WARN_COMMA = YES;
				CLANG_WARN_CONSTANT_CONVERSION = YES;
				CLANG_WARN_DEPRECATED_OBJC_IMPLEMENTATIONS = YES;
				CLANG_WARN_DIRECT_OBJC_ISA_USAGE = YES_ERROR;
				CLANG_WARN_DOCUMENTATION_COMMENTS = YES;
				CLANG_WARN_EMPTY_BODY = YES;
				CLANG_WARN_ENUM_CONVERSION = YES;
				CLANG_WARN_INFINITE_RECURSION = YES;
				CLANG_WARN_INT_CONVERSION = YES;
				CLANG_WARN_NON_LITERAL_NULL_CONVERSION = YES;
				CLANG_WARN_OBJC_IMPLICIT_RETAIN_SELF = YES;
				CLANG_WARN_OBJC_LITERAL_CONVERSION = YES;
				CLANG_WARN_OBJC_ROOT_CLASS = YES_ERROR;
				CLANG_WARN_QUOTED_INCLUDE_IN_FRAMEWORK_HEADER = YES;
				CLANG_WARN_RANGE_LOOP_ANALYSIS = YES;
				CLANG_WARN_STRICT_PROTOTYPES = YES;
				CLANG_WARN_SUSPICIOUS_MOVE = YES;
				CLANG_WARN_UNGUARDED_AVAILABILITY = YES_AGGRESSIVE;
				CLANG_WARN_UNREACHABLE_CODE = YES;
				CLANG_WARN__DUPLICATE_METHOD_MATCH = YES;
				COPY_PHASE_STRIP = NO;
				DEBUG_INFORMATION_FORMAT = "dwarf-with-dsym";
				ENABLE_NS_ASSERTIONS = NO;
				ENABLE_STRICT_OBJC_MSGSEND = YES;
				GCC_C_LANGUAGE_STANDARD = gnu11;
				GCC_NO_COMMON_BLOCKS = YES;
				GCC_WARN_64_TO_32_BIT_CONVERSION = YES;
				GCC_WARN_ABOUT_RETURN_TYPE = YES_ERROR;
				GCC_WARN_UNDECLARED_SELECTOR = YES;
				GCC_WARN_UNINITIALIZED_AUTOS = YES_AGGRESSIVE;
				GCC_WARN_UNUSED_FUNCTION = YES;
				GCC_WARN_UNUSED_VARIABLE = YES;
				IPHONEOS_DEPLOYMENT_TARGET = 15.0;
				MTL_ENABLE_DEBUG_INFO = NO;
				MTL_FAST_MATH = YES;
				SDKROOT = iphoneos;
				SWIFT_COMPILATION_MODE = wholemodule;
				SWIFT_OPTIMIZATION_LEVEL = "-O";
				VALIDATE_PRODUCT = YES;
			};
			name = Release;
		};
		2D0402B528F50E1100F2835F /* Debug */ = {
			isa = XCBuildConfiguration;
			baseConfigurationReference = 064594F233B522F00E067EA3 /* Pods-FoodApp.debug.xcconfig */;
			buildSettings = {
				ASSETCATALOG_COMPILER_APPICON_NAME = AppIcon;
				ASSETCATALOG_COMPILER_GLOBAL_ACCENT_COLOR_NAME = AccentColor;
				CODE_SIGN_STYLE = Automatic;
				CURRENT_PROJECT_VERSION = 1;
				DEVELOPMENT_ASSET_PATHS = "\"FoodApp/Preview Content\"";
				DEVELOPMENT_TEAM = DBKFCJ6V5K;
				ENABLE_PREVIEWS = YES;
				GENERATE_INFOPLIST_FILE = YES;
				INFOPLIST_KEY_NSLocationWhenInUseUsageDescription = "We need your location to show you resturants close to you.";
				INFOPLIST_KEY_UIApplicationSceneManifest_Generation = YES;
				INFOPLIST_KEY_UIApplicationSupportsIndirectInputEvents = YES;
				INFOPLIST_KEY_UILaunchScreen_Generation = YES;
				INFOPLIST_KEY_UISupportedInterfaceOrientations_iPad = "UIInterfaceOrientationPortrait UIInterfaceOrientationPortraitUpsideDown UIInterfaceOrientationLandscapeLeft UIInterfaceOrientationLandscapeRight";
				INFOPLIST_KEY_UISupportedInterfaceOrientations_iPhone = "UIInterfaceOrientationPortrait UIInterfaceOrientationLandscapeLeft UIInterfaceOrientationLandscapeRight";
				LD_RUNPATH_SEARCH_PATHS = (
					"$(inherited)",
					"@executable_path/Frameworks",
				);
				MARKETING_VERSION = 1.0;
				PRODUCT_BUNDLE_IDENTIFIER = com.mohamedahmed.FoodApp;
				PRODUCT_NAME = "$(TARGET_NAME)";
				SWIFT_EMIT_LOC_STRINGS = YES;
				SWIFT_VERSION = 5.0;
				TARGETED_DEVICE_FAMILY = "1,2";
			};
			name = Debug;
		};
		2D0402B628F50E1100F2835F /* Release */ = {
			isa = XCBuildConfiguration;
			baseConfigurationReference = B8A334D7EB50598E77A99AC0 /* Pods-FoodApp.release.xcconfig */;
			buildSettings = {
				ASSETCATALOG_COMPILER_APPICON_NAME = AppIcon;
				ASSETCATALOG_COMPILER_GLOBAL_ACCENT_COLOR_NAME = AccentColor;
				CODE_SIGN_STYLE = Automatic;
				CURRENT_PROJECT_VERSION = 1;
				DEVELOPMENT_ASSET_PATHS = "\"FoodApp/Preview Content\"";
				DEVELOPMENT_TEAM = DBKFCJ6V5K;
				ENABLE_PREVIEWS = YES;
				GENERATE_INFOPLIST_FILE = YES;
				INFOPLIST_KEY_NSLocationWhenInUseUsageDescription = "We need your location to show you resturants close to you.";
				INFOPLIST_KEY_UIApplicationSceneManifest_Generation = YES;
				INFOPLIST_KEY_UIApplicationSupportsIndirectInputEvents = YES;
				INFOPLIST_KEY_UILaunchScreen_Generation = YES;
				INFOPLIST_KEY_UISupportedInterfaceOrientations_iPad = "UIInterfaceOrientationPortrait UIInterfaceOrientationPortraitUpsideDown UIInterfaceOrientationLandscapeLeft UIInterfaceOrientationLandscapeRight";
				INFOPLIST_KEY_UISupportedInterfaceOrientations_iPhone = "UIInterfaceOrientationPortrait UIInterfaceOrientationLandscapeLeft UIInterfaceOrientationLandscapeRight";
				LD_RUNPATH_SEARCH_PATHS = (
					"$(inherited)",
					"@executable_path/Frameworks",
				);
				MARKETING_VERSION = 1.0;
				PRODUCT_BUNDLE_IDENTIFIER = com.mohamedahmed.FoodApp;
				PRODUCT_NAME = "$(TARGET_NAME)";
				SWIFT_EMIT_LOC_STRINGS = YES;
				SWIFT_VERSION = 5.0;
				TARGETED_DEVICE_FAMILY = "1,2";
			};
			name = Release;
		};
/* End XCBuildConfiguration section */

/* Begin XCConfigurationList section */
		2D04029C28F50E0E00F2835F /* Build configuration list for PBXProject "FoodApp" */ = {
			isa = XCConfigurationList;
			buildConfigurations = (
				2D0402B228F50E1100F2835F /* Debug */,
				2D0402B328F50E1100F2835F /* Release */,
			);
			defaultConfigurationIsVisible = 0;
			defaultConfigurationName = Release;
		};
		2D0402B428F50E1100F2835F /* Build configuration list for PBXNativeTarget "FoodApp" */ = {
			isa = XCConfigurationList;
			buildConfigurations = (
				2D0402B528F50E1100F2835F /* Debug */,
				2D0402B628F50E1100F2835F /* Release */,
			);
			defaultConfigurationIsVisible = 0;
			defaultConfigurationName = Release;
		};
/* End XCConfigurationList section */

/* Begin XCVersionGroup section */
		2D0402AF28F50E1100F2835F /* FoodApp.xcdatamodeld */ = {
			isa = XCVersionGroup;
			children = (
				2D0402B028F50E1100F2835F /* FoodApp.xcdatamodel */,
			);
			currentVersion = 2D0402B028F50E1100F2835F /* FoodApp.xcdatamodel */;
			path = FoodApp.xcdatamodeld;
			sourceTree = "<group>";
			versionGroupType = wrapper.xcdatamodel;
		};
/* End XCVersionGroup section */
	};
	rootObject = 2D04029928F50E0E00F2835F /* Project object */;
}
